
Microsoft Visual Studio Solution File, Format Version 12.00
# Visual Studio Version 17
VisualStudioVersion = 17.2.32526.322
MinimumVisualStudioVersion = 10.0.40219.1
Project("{FAE04EC0-301F-11D3-BF4B-00C04F79EFBC}") = "ejercicioClase14", "ejercicioClase14\ejercicioClase14.csproj", "{5FD67284-A0EB-46B7-A456-8DAB83B3F562}"
EndProject
Global
	GlobalSection(SolutionConfigurationPlatforms) = preSolution
		Debug|Any CPU = Debug|Any CPU
		Release|Any CPU = Release|Any CPU
	EndGlobalSection
	GlobalSection(ProjectConfigurationPlatforms) = postSolution
		{5FD67284-A0EB-46B7-A456-8DAB83B3F562}.Debug|Any CPU.ActiveCfg = Debug|Any CPU
		{5FD67284-A0EB-46B7-A456-8DAB83B3F562}.Debug|Any CPU.Build.0 = Debug|Any CPU
		{5FD67284-A0EB-46B7-A456-8DAB83B3F562}.Release|Any CPU.ActiveCfg = Release|Any CPU
		{5FD67284-A0EB-46B7-A456-8DAB83B3F562}.Release|Any CPU.Build.0 = Release|Any CPU
	EndGlobalSection
	GlobalSection(SolutionProperties) = preSolution
		HideSolutionNode = FALSE
	EndGlobalSection
	GlobalSection(ExtensibilityGlobals) = postSolution
		SolutionGuid = {34D90CF9-8B0A-4C0B-BE5C-3405C42DF9A6}
	EndGlobalSection
EndGlobal
