
Microsoft Visual Studio Solution File, Format Version 12.00
# Visual Studio Version 17
VisualStudioVersion = 17.1.32421.90
MinimumVisualStudioVersion = 10.0.40219.1
Project("{9A19103F-16F7-4668-BE54-9A1E7A4F7556}") = "FizzBuzz", "FizzBuzz.csproj", "{F46205F0-DF61-4BB1-9C4A-D30343F95589}"
EndProject
Project("{9A19103F-16F7-4668-BE54-9A1E7A4F7556}") = "Fizzbuzz.API", "..\Fizzbuzz.API\Fizzbuzz.API.csproj", "{640987C3-08DB-45D0-A9A6-26468647F8FA}"
EndProject
Global
	GlobalSection(SolutionConfigurationPlatforms) = preSolution
		Debug|Any CPU = Debug|Any CPU
		Release|Any CPU = Release|Any CPU
	EndGlobalSection
	GlobalSection(ProjectConfigurationPlatforms) = postSolution
		{F46205F0-DF61-4BB1-9C4A-D30343F95589}.Debug|Any CPU.ActiveCfg = Debug|Any CPU
		{F46205F0-DF61-4BB1-9C4A-D30343F95589}.Debug|Any CPU.Build.0 = Debug|Any CPU
		{F46205F0-DF61-4BB1-9C4A-D30343F95589}.Release|Any CPU.ActiveCfg = Release|Any CPU
		{F46205F0-DF61-4BB1-9C4A-D30343F95589}.Release|Any CPU.Build.0 = Release|Any CPU
		{640987C3-08DB-45D0-A9A6-26468647F8FA}.Debug|Any CPU.ActiveCfg = Debug|Any CPU
		{640987C3-08DB-45D0-A9A6-26468647F8FA}.Debug|Any CPU.Build.0 = Debug|Any CPU
		{640987C3-08DB-45D0-A9A6-26468647F8FA}.Release|Any CPU.ActiveCfg = Release|Any CPU
		{640987C3-08DB-45D0-A9A6-26468647F8FA}.Release|Any CPU.Build.0 = Release|Any CPU
	EndGlobalSection
	GlobalSection(SolutionProperties) = preSolution
		HideSolutionNode = FALSE
	EndGlobalSection
	GlobalSection(ExtensibilityGlobals) = postSolution
		SolutionGuid = {1848F104-DC08-438A-9148-C08B87449EEB}
	EndGlobalSection
EndGlobal
