
Microsoft Visual Studio Solution File, Format Version 12.00
# Visual Studio Version 17
VisualStudioVersion = 17.2.32526.322
MinimumVisualStudioVersion = 10.0.40219.1
Project("{FAE04EC0-301F-11D3-BF4B-00C04F79EFBC}") = "ejercicioClase13", "ejercicioClase13\ejercicioClase13.csproj", "{F86120DF-5FA2-4627-B529-84DC1A8176CC}"
EndProject
Global
	GlobalSection(SolutionConfigurationPlatforms) = preSolution
		Debug|Any CPU = Debug|Any CPU
		Release|Any CPU = Release|Any CPU
	EndGlobalSection
	GlobalSection(ProjectConfigurationPlatforms) = postSolution
		{F86120DF-5FA2-4627-B529-84DC1A8176CC}.Debug|Any CPU.ActiveCfg = Debug|Any CPU
		{F86120DF-5FA2-4627-B529-84DC1A8176CC}.Debug|Any CPU.Build.0 = Debug|Any CPU
		{F86120DF-5FA2-4627-B529-84DC1A8176CC}.Release|Any CPU.ActiveCfg = Release|Any CPU
		{F86120DF-5FA2-4627-B529-84DC1A8176CC}.Release|Any CPU.Build.0 = Release|Any CPU
	EndGlobalSection
	GlobalSection(SolutionProperties) = preSolution
		HideSolutionNode = FALSE
	EndGlobalSection
	GlobalSection(ExtensibilityGlobals) = postSolution
		SolutionGuid = {64E6F2E2-5A58-4DAA-A50E-F98D13326F4E}
	EndGlobalSection
EndGlobal
