
Microsoft Visual Studio Solution File, Format Version 12.00
# Visual Studio Version 17
VisualStudioVersion = 17.2.32526.322
MinimumVisualStudioVersion = 10.0.40219.1
Project("{FAE04EC0-301F-11D3-BF4B-00C04F79EFBC}") = "clase15", "clase15\clase15.csproj", "{EDE6E61D-C384-44AB-AFC0-3232D1D637B6}"
EndProject
Global
	GlobalSection(SolutionConfigurationPlatforms) = preSolution
		Debug|Any CPU = Debug|Any CPU
		Release|Any CPU = Release|Any CPU
	EndGlobalSection
	GlobalSection(ProjectConfigurationPlatforms) = postSolution
		{EDE6E61D-C384-44AB-AFC0-3232D1D637B6}.Debug|Any CPU.ActiveCfg = Debug|Any CPU
		{EDE6E61D-C384-44AB-AFC0-3232D1D637B6}.Debug|Any CPU.Build.0 = Debug|Any CPU
		{EDE6E61D-C384-44AB-AFC0-3232D1D637B6}.Release|Any CPU.ActiveCfg = Release|Any CPU
		{EDE6E61D-C384-44AB-AFC0-3232D1D637B6}.Release|Any CPU.Build.0 = Release|Any CPU
	EndGlobalSection
	GlobalSection(SolutionProperties) = preSolution
		HideSolutionNode = FALSE
	EndGlobalSection
	GlobalSection(ExtensibilityGlobals) = postSolution
		SolutionGuid = {824A7C3F-D458-4DC3-AE4B-413FD22BE12C}
	EndGlobalSection
EndGlobal
