
Microsoft Visual Studio Solution File, Format Version 12.00
# Visual Studio Version 17
VisualStudioVersion = 17.2.32526.322
MinimumVisualStudioVersion = 10.0.40219.1
Project("{FAE04EC0-301F-11D3-BF4B-00C04F79EFBC}") = "ConsoleApp1", "ConsoleApp1\ConsoleApp1.csproj", "{6FABDFA3-6B5B-4C60-B982-87280E7ED364}"
EndProject
Global
	GlobalSection(SolutionConfigurationPlatforms) = preSolution
		Debug|Any CPU = Debug|Any CPU
		Release|Any CPU = Release|Any CPU
	EndGlobalSection
	GlobalSection(ProjectConfigurationPlatforms) = postSolution
		{6FABDFA3-6B5B-4C60-B982-87280E7ED364}.Debug|Any CPU.ActiveCfg = Debug|Any CPU
		{6FABDFA3-6B5B-4C60-B982-87280E7ED364}.Debug|Any CPU.Build.0 = Debug|Any CPU
		{6FABDFA3-6B5B-4C60-B982-87280E7ED364}.Release|Any CPU.ActiveCfg = Release|Any CPU
		{6FABDFA3-6B5B-4C60-B982-87280E7ED364}.Release|Any CPU.Build.0 = Release|Any CPU
	EndGlobalSection
	GlobalSection(SolutionProperties) = preSolution
		HideSolutionNode = FALSE
	EndGlobalSection
	GlobalSection(ExtensibilityGlobals) = postSolution
		SolutionGuid = {F8D1723F-43A3-4640-8CFA-962DE7BCF8B1}
	EndGlobalSection
EndGlobal
