
Microsoft Visual Studio Solution File, Format Version 12.00
# Visual Studio Version 17
VisualStudioVersion = 17.2.32526.322
MinimumVisualStudioVersion = 10.0.40219.1
Project("{FAE04EC0-301F-11D3-BF4B-00C04F79EFBC}") = "ASP.NET Razor Web Page", "ASP.NET Razor Web Page\ASP.NET Razor Web Page.csproj", "{BF0388DE-9DBE-4D9A-8851-13625E3593F2}"
EndProject
Global
	GlobalSection(SolutionConfigurationPlatforms) = preSolution
		Debug|Any CPU = Debug|Any CPU
		Release|Any CPU = Release|Any CPU
	EndGlobalSection
	GlobalSection(ProjectConfigurationPlatforms) = postSolution
		{BF0388DE-9DBE-4D9A-8851-13625E3593F2}.Debug|Any CPU.ActiveCfg = Debug|Any CPU
		{BF0388DE-9DBE-4D9A-8851-13625E3593F2}.Debug|Any CPU.Build.0 = Debug|Any CPU
		{BF0388DE-9DBE-4D9A-8851-13625E3593F2}.Release|Any CPU.ActiveCfg = Release|Any CPU
		{BF0388DE-9DBE-4D9A-8851-13625E3593F2}.Release|Any CPU.Build.0 = Release|Any CPU
	EndGlobalSection
	GlobalSection(SolutionProperties) = preSolution
		HideSolutionNode = FALSE
	EndGlobalSection
	GlobalSection(ExtensibilityGlobals) = postSolution
		SolutionGuid = {32E9F08D-4198-433D-B324-34472988E053}
	EndGlobalSection
EndGlobal
