
Microsoft Visual Studio Solution File, Format Version 12.00
# Visual Studio Version 17
VisualStudioVersion = 17.2.32526.322
MinimumVisualStudioVersion = 10.0.40219.1
Project("{9A19103F-16F7-4668-BE54-9A1E7A4F7556}") = "challenge", "challenge\challenge.csproj", "{3B602236-C3B0-451B-ABD8-97F9A04A9012}"
EndProject
Project("{9A19103F-16F7-4668-BE54-9A1E7A4F7556}") = "DataBase", "DataBase\DataBase.csproj", "{D221CC1C-67D7-4752-85D3-5536E74DF1E8}"
EndProject
Project("{FAE04EC0-301F-11D3-BF4B-00C04F79EFBC}") = "TestChallenge", "TestChallenge\TestChallenge.csproj", "{49C1B6EA-F7B4-4FAE-A34F-FBBAB89360FA}"
EndProject
Global
	GlobalSection(SolutionConfigurationPlatforms) = preSolution
		Debug|Any CPU = Debug|Any CPU
		Release|Any CPU = Release|Any CPU
	EndGlobalSection
	GlobalSection(ProjectConfigurationPlatforms) = postSolution
		{3B602236-C3B0-451B-ABD8-97F9A04A9012}.Debug|Any CPU.ActiveCfg = Debug|Any CPU
		{3B602236-C3B0-451B-ABD8-97F9A04A9012}.Debug|Any CPU.Build.0 = Debug|Any CPU
		{3B602236-C3B0-451B-ABD8-97F9A04A9012}.Release|Any CPU.ActiveCfg = Release|Any CPU
		{3B602236-C3B0-451B-ABD8-97F9A04A9012}.Release|Any CPU.Build.0 = Release|Any CPU
		{D221CC1C-67D7-4752-85D3-5536E74DF1E8}.Debug|Any CPU.ActiveCfg = Debug|Any CPU
		{D221CC1C-67D7-4752-85D3-5536E74DF1E8}.Debug|Any CPU.Build.0 = Debug|Any CPU
		{D221CC1C-67D7-4752-85D3-5536E74DF1E8}.Release|Any CPU.ActiveCfg = Release|Any CPU
		{D221CC1C-67D7-4752-85D3-5536E74DF1E8}.Release|Any CPU.Build.0 = Release|Any CPU
		{49C1B6EA-F7B4-4FAE-A34F-FBBAB89360FA}.Debug|Any CPU.ActiveCfg = Debug|Any CPU
		{49C1B6EA-F7B4-4FAE-A34F-FBBAB89360FA}.Debug|Any CPU.Build.0 = Debug|Any CPU
		{49C1B6EA-F7B4-4FAE-A34F-FBBAB89360FA}.Release|Any CPU.ActiveCfg = Release|Any CPU
		{49C1B6EA-F7B4-4FAE-A34F-FBBAB89360FA}.Release|Any CPU.Build.0 = Release|Any CPU
	EndGlobalSection
	GlobalSection(SolutionProperties) = preSolution
		HideSolutionNode = FALSE
	EndGlobalSection
	GlobalSection(ExtensibilityGlobals) = postSolution
		SolutionGuid = {753F046E-FB30-4BD4-AF7B-8195BF29AAB2}
	EndGlobalSection
EndGlobal
