
Microsoft Visual Studio Solution File, Format Version 12.00
# Visual Studio Version 17
VisualStudioVersion = 17.2.32526.322
MinimumVisualStudioVersion = 10.0.40219.1
Project("{FAE04EC0-301F-11D3-BF4B-00C04F79EFBC}") = "ApiDapper", "ApiDapper\ApiDapper.csproj", "{64E6E8A3-BC42-4B7D-9CA2-AEE7AF43458D}"
EndProject
Global
	GlobalSection(SolutionConfigurationPlatforms) = preSolution
		Debug|Any CPU = Debug|Any CPU
		Release|Any CPU = Release|Any CPU
	EndGlobalSection
	GlobalSection(ProjectConfigurationPlatforms) = postSolution
		{64E6E8A3-BC42-4B7D-9CA2-AEE7AF43458D}.Debug|Any CPU.ActiveCfg = Debug|Any CPU
		{64E6E8A3-BC42-4B7D-9CA2-AEE7AF43458D}.Debug|Any CPU.Build.0 = Debug|Any CPU
		{64E6E8A3-BC42-4B7D-9CA2-AEE7AF43458D}.Release|Any CPU.ActiveCfg = Release|Any CPU
		{64E6E8A3-BC42-4B7D-9CA2-AEE7AF43458D}.Release|Any CPU.Build.0 = Release|Any CPU
	EndGlobalSection
	GlobalSection(SolutionProperties) = preSolution
		HideSolutionNode = FALSE
	EndGlobalSection
	GlobalSection(ExtensibilityGlobals) = postSolution
		SolutionGuid = {2F3F7C3C-36EE-4AEE-8580-7D08AF3E784C}
	EndGlobalSection
EndGlobal
