
Microsoft Visual Studio Solution File, Format Version 12.00
# Visual Studio Version 17
VisualStudioVersion = 17.1.32421.90
MinimumVisualStudioVersion = 10.0.40219.1
Project("{FAE04EC0-301F-11D3-BF4B-00C04F79EFBC}") = "ejercicios1,2y3", "ejercicios1,2y3\ejercicios1,2y3.csproj", "{ABA6A624-AFF5-4EF9-8C48-E0889574593D}"
EndProject
Global
	GlobalSection(SolutionConfigurationPlatforms) = preSolution
		Debug|Any CPU = Debug|Any CPU
		Release|Any CPU = Release|Any CPU
	EndGlobalSection
	GlobalSection(ProjectConfigurationPlatforms) = postSolution
		{ABA6A624-AFF5-4EF9-8C48-E0889574593D}.Debug|Any CPU.ActiveCfg = Debug|Any CPU
		{ABA6A624-AFF5-4EF9-8C48-E0889574593D}.Debug|Any CPU.Build.0 = Debug|Any CPU
		{ABA6A624-AFF5-4EF9-8C48-E0889574593D}.Release|Any CPU.ActiveCfg = Release|Any CPU
		{ABA6A624-AFF5-4EF9-8C48-E0889574593D}.Release|Any CPU.Build.0 = Release|Any CPU
	EndGlobalSection
	GlobalSection(SolutionProperties) = preSolution
		HideSolutionNode = FALSE
	EndGlobalSection
	GlobalSection(ExtensibilityGlobals) = postSolution
		SolutionGuid = {429AF177-A225-4251-B647-9282D4976AE2}
	EndGlobalSection
EndGlobal
