
Microsoft Visual Studio Solution File, Format Version 12.00
# Visual Studio Version 17
VisualStudioVersion = 17.2.32526.322
MinimumVisualStudioVersion = 10.0.40219.1
Project("{9A19103F-16F7-4668-BE54-9A1E7A4F7556}") = "ConsoleApp1", "..\..\..\polo\Clase19\GestorDePersonas\ConsoleApp1\ConsoleApp1.csproj", "{95C7035D-B027-406C-8F87-76FC6BB17892}"
EndProject
Global
	GlobalSection(SolutionConfigurationPlatforms) = preSolution
		Debug|Any CPU = Debug|Any CPU
		Release|Any CPU = Release|Any CPU
	EndGlobalSection
	GlobalSection(ProjectConfigurationPlatforms) = postSolution
		{95C7035D-B027-406C-8F87-76FC6BB17892}.Debug|Any CPU.ActiveCfg = Debug|Any CPU
		{95C7035D-B027-406C-8F87-76FC6BB17892}.Debug|Any CPU.Build.0 = Debug|Any CPU
		{95C7035D-B027-406C-8F87-76FC6BB17892}.Release|Any CPU.ActiveCfg = Release|Any CPU
		{95C7035D-B027-406C-8F87-76FC6BB17892}.Release|Any CPU.Build.0 = Release|Any CPU
	EndGlobalSection
	GlobalSection(SolutionProperties) = preSolution
		HideSolutionNode = FALSE
	EndGlobalSection
	GlobalSection(ExtensibilityGlobals) = postSolution
		SolutionGuid = {8A0690E6-AF0A-413D-AD2E-15F520782B6F}
	EndGlobalSection
EndGlobal
