
Microsoft Visual Studio Solution File, Format Version 12.00
# Visual Studio Version 17
VisualStudioVersion = 17.1.32421.90
MinimumVisualStudioVersion = 10.0.40219.1
Project("{FAE04EC0-301F-11D3-BF4B-00C04F79EFBC}") = "ejercicio", "ejercicio\ejercicio.csproj", "{65C7710E-BB53-4B6E-86BC-4C38773C5865}"
EndProject
Global
	GlobalSection(SolutionConfigurationPlatforms) = preSolution
		Debug|Any CPU = Debug|Any CPU
		Release|Any CPU = Release|Any CPU
	EndGlobalSection
	GlobalSection(ProjectConfigurationPlatforms) = postSolution
		{65C7710E-BB53-4B6E-86BC-4C38773C5865}.Debug|Any CPU.ActiveCfg = Debug|Any CPU
		{65C7710E-BB53-4B6E-86BC-4C38773C5865}.Debug|Any CPU.Build.0 = Debug|Any CPU
		{65C7710E-BB53-4B6E-86BC-4C38773C5865}.Release|Any CPU.ActiveCfg = Release|Any CPU
		{65C7710E-BB53-4B6E-86BC-4C38773C5865}.Release|Any CPU.Build.0 = Release|Any CPU
	EndGlobalSection
	GlobalSection(SolutionProperties) = preSolution
		HideSolutionNode = FALSE
	EndGlobalSection
	GlobalSection(ExtensibilityGlobals) = postSolution
		SolutionGuid = {1C131350-60C4-4070-89B5-AFA6A9CC8DCE}
	EndGlobalSection
EndGlobal
