
Microsoft Visual Studio Solution File, Format Version 12.00
# Visual Studio Version 17
VisualStudioVersion = 17.2.32526.322
MinimumVisualStudioVersion = 10.0.40219.1
Project("{FAE04EC0-301F-11D3-BF4B-00C04F79EFBC}") = "encapsulamiento", "encapsulamiento\encapsulamiento.csproj", "{CC87A239-3E0F-498E-9BB4-FB552D3C7674}"
EndProject
Global
	GlobalSection(SolutionConfigurationPlatforms) = preSolution
		Debug|Any CPU = Debug|Any CPU
		Release|Any CPU = Release|Any CPU
	EndGlobalSection
	GlobalSection(ProjectConfigurationPlatforms) = postSolution
		{CC87A239-3E0F-498E-9BB4-FB552D3C7674}.Debug|Any CPU.ActiveCfg = Debug|Any CPU
		{CC87A239-3E0F-498E-9BB4-FB552D3C7674}.Debug|Any CPU.Build.0 = Debug|Any CPU
		{CC87A239-3E0F-498E-9BB4-FB552D3C7674}.Release|Any CPU.ActiveCfg = Release|Any CPU
		{CC87A239-3E0F-498E-9BB4-FB552D3C7674}.Release|Any CPU.Build.0 = Release|Any CPU
	EndGlobalSection
	GlobalSection(SolutionProperties) = preSolution
		HideSolutionNode = FALSE
	EndGlobalSection
	GlobalSection(ExtensibilityGlobals) = postSolution
		SolutionGuid = {0ADF5467-C4B0-45EC-ADFA-B99BE0167B15}
	EndGlobalSection
EndGlobal
