
Microsoft Visual Studio Solution File, Format Version 12.00
# Visual Studio Version 17
VisualStudioVersion = 17.1.32421.90
MinimumVisualStudioVersion = 10.0.40219.1
Project("{FAE04EC0-301F-11D3-BF4B-00C04F79EFBC}") = "ejercicioclase9-n°1", "ejercicioclase9\ejercicioclase9-n°1.csproj", "{4FC670C3-5468-4B99-A31D-363C3E6604ED}"
EndProject
Global
	GlobalSection(SolutionConfigurationPlatforms) = preSolution
		Debug|Any CPU = Debug|Any CPU
		Release|Any CPU = Release|Any CPU
	EndGlobalSection
	GlobalSection(ProjectConfigurationPlatforms) = postSolution
		{4FC670C3-5468-4B99-A31D-363C3E6604ED}.Debug|Any CPU.ActiveCfg = Debug|Any CPU
		{4FC670C3-5468-4B99-A31D-363C3E6604ED}.Debug|Any CPU.Build.0 = Debug|Any CPU
		{4FC670C3-5468-4B99-A31D-363C3E6604ED}.Release|Any CPU.ActiveCfg = Release|Any CPU
		{4FC670C3-5468-4B99-A31D-363C3E6604ED}.Release|Any CPU.Build.0 = Release|Any CPU
	EndGlobalSection
	GlobalSection(SolutionProperties) = preSolution
		HideSolutionNode = FALSE
	EndGlobalSection
	GlobalSection(ExtensibilityGlobals) = postSolution
		SolutionGuid = {48F527B1-F903-436B-8FD5-D5CBC79952DA}
	EndGlobalSection
EndGlobal
